
Microsoft Visual Studio Solution File, Format Version 12.00
Project("{FAE04EC0-301F-11D3-BF4B-00C04F79EFBC}") = "MiniDI", "MiniDI\MiniDI.csproj", "{78653E94-7968-4A17-AA07-24FBAA461A9B}"
EndProject
Project("{FAE04EC0-301F-11D3-BF4B-00C04F79EFBC}") = "MiniDI.Tests", "MiniDI.Tests\MiniDI.Tests.csproj", "{4DEBD795-5071-4984-B4C7-9BF39DF60085}"
EndProject
Global
	GlobalSection(SolutionConfigurationPlatforms) = preSolution
		Debug|Any CPU = Debug|Any CPU
		Release|Any CPU = Release|Any CPU
	EndGlobalSection
	GlobalSection(ProjectConfigurationPlatforms) = postSolution
		{78653E94-7968-4A17-AA07-24FBAA461A9B}.Debug|Any CPU.ActiveCfg = Debug|Any CPU
		{78653E94-7968-4A17-AA07-24FBAA461A9B}.Debug|Any CPU.Build.0 = Debug|Any CPU
		{78653E94-7968-4A17-AA07-24FBAA461A9B}.Release|Any CPU.ActiveCfg = Release|Any CPU
		{78653E94-7968-4A17-AA07-24FBAA461A9B}.Release|Any CPU.Build.0 = Release|Any CPU
		{4DEBD795-5071-4984-B4C7-9BF39DF60085}.Debug|Any CPU.ActiveCfg = Debug|Any CPU
		{4DEBD795-5071-4984-B4C7-9BF39DF60085}.Debug|Any CPU.Build.0 = Debug|Any CPU
		{4DEBD795-5071-4984-B4C7-9BF39DF60085}.Release|Any CPU.ActiveCfg = Release|Any CPU
		{4DEBD795-5071-4984-B4C7-9BF39DF60085}.Release|Any CPU.Build.0 = Release|Any CPU
	EndGlobalSection
EndGlobal
